
Microsoft Visual Studio Solution File, Format Version 12.00
# Visual Studio 15
VisualStudioVersion = 15.0.28307.902
MinimumVisualStudioVersion = 10.0.40219.1
Project("{888888A0-9F3D-457C-B088-3A5042F75D52}") = "Judger_Test", "Judger_Test\Judger_Test.pyproj", "{CDEA8664-E8F3-4624-93D0-87E475F3900E}"
EndProject
Global
	GlobalSection(SolutionConfigurationPlatforms) = preSolution
		Debug|Any CPU = Debug|Any CPU
		Release|Any CPU = Release|Any CPU
	EndGlobalSection
	GlobalSection(ProjectConfigurationPlatforms) = postSolution
		{CDEA8664-E8F3-4624-93D0-87E475F3900E}.Debug|Any CPU.ActiveCfg = Debug|Any CPU
		{CDEA8664-E8F3-4624-93D0-87E475F3900E}.Release|Any CPU.ActiveCfg = Release|Any CPU
	EndGlobalSection
	GlobalSection(SolutionProperties) = preSolution
		HideSolutionNode = FALSE
	EndGlobalSection
	GlobalSection(ExtensibilityGlobals) = postSolution
		SolutionGuid = {9FB9D60C-180A-446E-B61A-35006199FF00}
	EndGlobalSection
EndGlobal
